
Microsoft Visual Studio Solution File, Format Version 12.00
# Visual Studio 15
VisualStudioVersion = 15.0.26124.0
MinimumVisualStudioVersion = 15.0.26124.0
Project("{FAE04EC0-301F-11D3-BF4B-00C04F79EFBC}") = "Domain", "Domain\Domain.csproj", "{C46F3ED4-3B93-4CE5-9983-8F532334EE4F}"
EndProject
Project("{2150E333-8FDC-42A3-9474-1A3956D46DE8}") = "Infrastructure", "Infrastructure", "{2C4A5A44-58E7-403D-9BD6-7EA13115B08F}"
EndProject
Project("{FAE04EC0-301F-11D3-BF4B-00C04F79EFBC}") = "Data", "Infrastructure\Data\Data.csproj", "{DE705DC1-D5BC-4BDD-8ABF-2C1E249D7058}"
EndProject
Project("{FAE04EC0-301F-11D3-BF4B-00C04F79EFBC}") = "CrossCutting", "Infrastructure\CrossCutting\CrossCutting.csproj", "{DBE8F4BB-989E-44A6-B3CB-140D5ADBE273}"
EndProject
Project("{FAE04EC0-301F-11D3-BF4B-00C04F79EFBC}") = "application", "Application\application.csproj", "{2554D16F-7709-4076-85D8-E8244B96B96E}"
EndProject
Global
	GlobalSection(SolutionConfigurationPlatforms) = preSolution
		Debug|Any CPU = Debug|Any CPU
		Debug|x64 = Debug|x64
		Debug|x86 = Debug|x86
		Release|Any CPU = Release|Any CPU
		Release|x64 = Release|x64
		Release|x86 = Release|x86
	EndGlobalSection
	GlobalSection(SolutionProperties) = preSolution
		HideSolutionNode = FALSE
	EndGlobalSection
	GlobalSection(ProjectConfigurationPlatforms) = postSolution
		{C46F3ED4-3B93-4CE5-9983-8F532334EE4F}.Debug|Any CPU.ActiveCfg = Debug|Any CPU
		{C46F3ED4-3B93-4CE5-9983-8F532334EE4F}.Debug|Any CPU.Build.0 = Debug|Any CPU
		{C46F3ED4-3B93-4CE5-9983-8F532334EE4F}.Debug|x64.ActiveCfg = Debug|Any CPU
		{C46F3ED4-3B93-4CE5-9983-8F532334EE4F}.Debug|x64.Build.0 = Debug|Any CPU
		{C46F3ED4-3B93-4CE5-9983-8F532334EE4F}.Debug|x86.ActiveCfg = Debug|Any CPU
		{C46F3ED4-3B93-4CE5-9983-8F532334EE4F}.Debug|x86.Build.0 = Debug|Any CPU
		{C46F3ED4-3B93-4CE5-9983-8F532334EE4F}.Release|Any CPU.ActiveCfg = Release|Any CPU
		{C46F3ED4-3B93-4CE5-9983-8F532334EE4F}.Release|Any CPU.Build.0 = Release|Any CPU
		{C46F3ED4-3B93-4CE5-9983-8F532334EE4F}.Release|x64.ActiveCfg = Release|Any CPU
		{C46F3ED4-3B93-4CE5-9983-8F532334EE4F}.Release|x64.Build.0 = Release|Any CPU
		{C46F3ED4-3B93-4CE5-9983-8F532334EE4F}.Release|x86.ActiveCfg = Release|Any CPU
		{C46F3ED4-3B93-4CE5-9983-8F532334EE4F}.Release|x86.Build.0 = Release|Any CPU
		{DE705DC1-D5BC-4BDD-8ABF-2C1E249D7058}.Debug|Any CPU.ActiveCfg = Debug|Any CPU
		{DE705DC1-D5BC-4BDD-8ABF-2C1E249D7058}.Debug|Any CPU.Build.0 = Debug|Any CPU
		{DE705DC1-D5BC-4BDD-8ABF-2C1E249D7058}.Debug|x64.ActiveCfg = Debug|Any CPU
		{DE705DC1-D5BC-4BDD-8ABF-2C1E249D7058}.Debug|x64.Build.0 = Debug|Any CPU
		{DE705DC1-D5BC-4BDD-8ABF-2C1E249D7058}.Debug|x86.ActiveCfg = Debug|Any CPU
		{DE705DC1-D5BC-4BDD-8ABF-2C1E249D7058}.Debug|x86.Build.0 = Debug|Any CPU
		{DE705DC1-D5BC-4BDD-8ABF-2C1E249D7058}.Release|Any CPU.ActiveCfg = Release|Any CPU
		{DE705DC1-D5BC-4BDD-8ABF-2C1E249D7058}.Release|Any CPU.Build.0 = Release|Any CPU
		{DE705DC1-D5BC-4BDD-8ABF-2C1E249D7058}.Release|x64.ActiveCfg = Release|Any CPU
		{DE705DC1-D5BC-4BDD-8ABF-2C1E249D7058}.Release|x64.Build.0 = Release|Any CPU
		{DE705DC1-D5BC-4BDD-8ABF-2C1E249D7058}.Release|x86.ActiveCfg = Release|Any CPU
		{DE705DC1-D5BC-4BDD-8ABF-2C1E249D7058}.Release|x86.Build.0 = Release|Any CPU
		{DBE8F4BB-989E-44A6-B3CB-140D5ADBE273}.Debug|Any CPU.ActiveCfg = Debug|Any CPU
		{DBE8F4BB-989E-44A6-B3CB-140D5ADBE273}.Debug|Any CPU.Build.0 = Debug|Any CPU
		{DBE8F4BB-989E-44A6-B3CB-140D5ADBE273}.Debug|x64.ActiveCfg = Debug|Any CPU
		{DBE8F4BB-989E-44A6-B3CB-140D5ADBE273}.Debug|x64.Build.0 = Debug|Any CPU
		{DBE8F4BB-989E-44A6-B3CB-140D5ADBE273}.Debug|x86.ActiveCfg = Debug|Any CPU
		{DBE8F4BB-989E-44A6-B3CB-140D5ADBE273}.Debug|x86.Build.0 = Debug|Any CPU
		{DBE8F4BB-989E-44A6-B3CB-140D5ADBE273}.Release|Any CPU.ActiveCfg = Release|Any CPU
		{DBE8F4BB-989E-44A6-B3CB-140D5ADBE273}.Release|Any CPU.Build.0 = Release|Any CPU
		{DBE8F4BB-989E-44A6-B3CB-140D5ADBE273}.Release|x64.ActiveCfg = Release|Any CPU
		{DBE8F4BB-989E-44A6-B3CB-140D5ADBE273}.Release|x64.Build.0 = Release|Any CPU
		{DBE8F4BB-989E-44A6-B3CB-140D5ADBE273}.Release|x86.ActiveCfg = Release|Any CPU
		{DBE8F4BB-989E-44A6-B3CB-140D5ADBE273}.Release|x86.Build.0 = Release|Any CPU
		{2554D16F-7709-4076-85D8-E8244B96B96E}.Debug|Any CPU.ActiveCfg = Debug|Any CPU
		{2554D16F-7709-4076-85D8-E8244B96B96E}.Debug|Any CPU.Build.0 = Debug|Any CPU
		{2554D16F-7709-4076-85D8-E8244B96B96E}.Debug|x64.ActiveCfg = Debug|Any CPU
		{2554D16F-7709-4076-85D8-E8244B96B96E}.Debug|x64.Build.0 = Debug|Any CPU
		{2554D16F-7709-4076-85D8-E8244B96B96E}.Debug|x86.ActiveCfg = Debug|Any CPU
		{2554D16F-7709-4076-85D8-E8244B96B96E}.Debug|x86.Build.0 = Debug|Any CPU
		{2554D16F-7709-4076-85D8-E8244B96B96E}.Release|Any CPU.ActiveCfg = Release|Any CPU
		{2554D16F-7709-4076-85D8-E8244B96B96E}.Release|Any CPU.Build.0 = Release|Any CPU
		{2554D16F-7709-4076-85D8-E8244B96B96E}.Release|x64.ActiveCfg = Release|Any CPU
		{2554D16F-7709-4076-85D8-E8244B96B96E}.Release|x64.Build.0 = Release|Any CPU
		{2554D16F-7709-4076-85D8-E8244B96B96E}.Release|x86.ActiveCfg = Release|Any CPU
		{2554D16F-7709-4076-85D8-E8244B96B96E}.Release|x86.Build.0 = Release|Any CPU
	EndGlobalSection
	GlobalSection(NestedProjects) = preSolution
		{DE705DC1-D5BC-4BDD-8ABF-2C1E249D7058} = {2C4A5A44-58E7-403D-9BD6-7EA13115B08F}
		{DBE8F4BB-989E-44A6-B3CB-140D5ADBE273} = {2C4A5A44-58E7-403D-9BD6-7EA13115B08F}
	EndGlobalSection
EndGlobal
